
Microsoft Visual Studio Solution File, Format Version 12.00
# Visual Studio Version 16
VisualStudioVersion = 16.0.31613.86
MinimumVisualStudioVersion = 10.0.40219.1
Project("{FAE04EC0-301F-11D3-BF4B-00C04F79EFBC}") = "TalentOldDBHelper", "TalentOldDBHelper.csproj", "{48CEB983-5B2F-47AA-8831-0DF148D4B246}"
EndProject
Global
	GlobalSection(SolutionConfigurationPlatforms) = preSolution
		Debug|Any CPU = Debug|Any CPU
		Release|Any CPU = Release|Any CPU
	EndGlobalSection
	GlobalSection(ProjectConfigurationPlatforms) = postSolution
		{48CEB983-5B2F-47AA-8831-0DF148D4B246}.Debug|Any CPU.ActiveCfg = Debug|Any CPU
		{48CEB983-5B2F-47AA-8831-0DF148D4B246}.Debug|Any CPU.Build.0 = Debug|Any CPU
		{48CEB983-5B2F-47AA-8831-0DF148D4B246}.Release|Any CPU.ActiveCfg = Release|Any CPU
		{48CEB983-5B2F-47AA-8831-0DF148D4B246}.Release|Any CPU.Build.0 = Release|Any CPU
	EndGlobalSection
	GlobalSection(SolutionProperties) = preSolution
		HideSolutionNode = FALSE
	EndGlobalSection
	GlobalSection(ExtensibilityGlobals) = postSolution
		SolutionGuid = {3C0222F7-5D92-4718-9E3A-EB618D0BE95D}
	EndGlobalSection
EndGlobal
